
Microsoft Visual Studio Solution File, Format Version 12.00
# Visual Studio Version 17
VisualStudioVersion = 17.9.34622.214
MinimumVisualStudioVersion = 10.0.40219.1
Project("{F184B08F-C81C-45F6-A57F-5ABD9991F28F}") = "Supermarket-mvp", "Supermarket-mvp\Supermarket-mvp.vbproj", "{21619AED-8AB2-43FA-983F-E0EA8346FBAD}"
EndProject
Global
	GlobalSection(SolutionConfigurationPlatforms) = preSolution
		Debug|Any CPU = Debug|Any CPU
		Release|Any CPU = Release|Any CPU
	EndGlobalSection
	GlobalSection(ProjectConfigurationPlatforms) = postSolution
		{21619AED-8AB2-43FA-983F-E0EA8346FBAD}.Debug|Any CPU.ActiveCfg = Debug|Any CPU
		{21619AED-8AB2-43FA-983F-E0EA8346FBAD}.Debug|Any CPU.Build.0 = Debug|Any CPU
		{21619AED-8AB2-43FA-983F-E0EA8346FBAD}.Release|Any CPU.ActiveCfg = Release|Any CPU
		{21619AED-8AB2-43FA-983F-E0EA8346FBAD}.Release|Any CPU.Build.0 = Release|Any CPU
	EndGlobalSection
	GlobalSection(SolutionProperties) = preSolution
		HideSolutionNode = FALSE
	EndGlobalSection
	GlobalSection(ExtensibilityGlobals) = postSolution
		SolutionGuid = {9B88FBCC-E77E-43D4-8D1A-E4310CD648E1}
	EndGlobalSection
EndGlobal
